
Microsoft Visual Studio Solution File, Format Version 12.00
# Visual Studio Version 17
VisualStudioVersion = 17.6.33723.286
MinimumVisualStudioVersion = 10.0.40219.1
Project("{9A19103F-16F7-4668-BE54-9A1E7A4F7556}") = "LivrariaApp", "LivrariaApp\LivrariaApp.csproj", "{59D1C006-D77C-4A1D-9A3C-F881A19181DF}"
EndProject
Project("{FAE04EC0-301F-11D3-BF4B-00C04F79EFBC}") = "LivrariaApp.Test", "LivrariaApp.Test\LivrariaApp.Test.csproj", "{614C866A-C693-4B61-BB1C-12464A841B6E}"
EndProject
Global
	GlobalSection(SolutionConfigurationPlatforms) = preSolution
		Debug|Any CPU = Debug|Any CPU
		Release|Any CPU = Release|Any CPU
	EndGlobalSection
	GlobalSection(ProjectConfigurationPlatforms) = postSolution
		{59D1C006-D77C-4A1D-9A3C-F881A19181DF}.Debug|Any CPU.ActiveCfg = Debug|Any CPU
		{59D1C006-D77C-4A1D-9A3C-F881A19181DF}.Debug|Any CPU.Build.0 = Debug|Any CPU
		{59D1C006-D77C-4A1D-9A3C-F881A19181DF}.Release|Any CPU.ActiveCfg = Release|Any CPU
		{59D1C006-D77C-4A1D-9A3C-F881A19181DF}.Release|Any CPU.Build.0 = Release|Any CPU
		{614C866A-C693-4B61-BB1C-12464A841B6E}.Debug|Any CPU.ActiveCfg = Debug|Any CPU
		{614C866A-C693-4B61-BB1C-12464A841B6E}.Debug|Any CPU.Build.0 = Debug|Any CPU
		{614C866A-C693-4B61-BB1C-12464A841B6E}.Release|Any CPU.ActiveCfg = Release|Any CPU
		{614C866A-C693-4B61-BB1C-12464A841B6E}.Release|Any CPU.Build.0 = Release|Any CPU
	EndGlobalSection
	GlobalSection(SolutionProperties) = preSolution
		HideSolutionNode = FALSE
	EndGlobalSection
	GlobalSection(ExtensibilityGlobals) = postSolution
		SolutionGuid = {87032FBE-ED54-4286-AF85-10DCD813D83D}
	EndGlobalSection
EndGlobal
